
Microsoft Visual Studio Solution File, Format Version 12.00
Project("{FAE04EC0-301F-11D3-BF4B-00C04F79EFBC}") = "GoLive.Generator.ApiClientGenerator", "GoLive.Generator.ApiClientGenerator\GoLive.Generator.ApiClientGenerator.csproj", "{C03321AC-BAAF-4245-9E31-7B6FC5BA9120}"
EndProject
Project("{FAE04EC0-301F-11D3-BF4B-00C04F79EFBC}") = "GoLive.Generator.ApiClientGenerator.Tests.WebApi", "GoLive.Generator.ApiClientGenerator.Tests.WebApi\GoLive.Generator.ApiClientGenerator.Tests.WebApi.csproj", "{47C953AF-66DF-474E-A3FE-DDE8E3EEBEF6}"
EndProject
Global
	GlobalSection(SolutionConfigurationPlatforms) = preSolution
		Debug|Any CPU = Debug|Any CPU
		Release|Any CPU = Release|Any CPU
	EndGlobalSection
	GlobalSection(ProjectConfigurationPlatforms) = postSolution
		{C03321AC-BAAF-4245-9E31-7B6FC5BA9120}.Debug|Any CPU.ActiveCfg = Debug|Any CPU
		{C03321AC-BAAF-4245-9E31-7B6FC5BA9120}.Debug|Any CPU.Build.0 = Debug|Any CPU
		{C03321AC-BAAF-4245-9E31-7B6FC5BA9120}.Release|Any CPU.ActiveCfg = Release|Any CPU
		{C03321AC-BAAF-4245-9E31-7B6FC5BA9120}.Release|Any CPU.Build.0 = Release|Any CPU
		{47C953AF-66DF-474E-A3FE-DDE8E3EEBEF6}.Debug|Any CPU.ActiveCfg = Debug|Any CPU
		{47C953AF-66DF-474E-A3FE-DDE8E3EEBEF6}.Debug|Any CPU.Build.0 = Debug|Any CPU
		{47C953AF-66DF-474E-A3FE-DDE8E3EEBEF6}.Release|Any CPU.ActiveCfg = Release|Any CPU
		{47C953AF-66DF-474E-A3FE-DDE8E3EEBEF6}.Release|Any CPU.Build.0 = Release|Any CPU
	EndGlobalSection
EndGlobal
